PODS:
  - Alamofire (4.9.1)
  - AlamofireNetworkActivityIndicator (2.4.0):
    - Alamofire (~> 4.8)
  - RxSwift (5.0.1)

DEPENDENCIES:
  - Alamofire (~> 4.8)
  - AlamofireNetworkActivityIndicator (~> 2.4.0)
  - RxSwift (~> 5)

SPEC REPOS:
  https://github.com/CocoaPods/Specs.git:
    - Alamofire
    - AlamofireNetworkActivityIndicator
    - RxSwift

SPEC CHECKSUMS:
  Alamofire: 85e8a02c69d6020a0d734f6054870d7ecb75cf18
  AlamofireNetworkActivityIndicator: 9acc3de3ca6645bf0efed462396b0df13dd3e7b8
  RxSwift: e2dc62b366a3adf6a0be44ba9f405efd4c94e0c4

PODFILE CHECKSUM: d6d81c6a29b859d55eebbdc6cbaa6ba9ddc72947

COCOAPODS: 1.8.4
