// !$*UTF8*$!
{
	archiveVersion = 1;
	classes = {
	};
	objectVersion = 50;
	objects = {

/* Begin PBXBuildFile section */
		6E59D62123C8B19900E8A5CE /* AppDelegate.swift in Sources */ = {isa = PBXBuildFile; fileRef = 6E59D62023C8B19900E8A5CE /* AppDelegate.swift */; };
		6E59D62323C8B19900E8A5CE /* SceneDelegate.swift in Sources */ = {isa = PBXBuildFile; fileRef = 6E59D62223C8B19900E8A5CE /* SceneDelegate.swift */; };
		6E59D62523C8B19900E8A5CE /* ViewController.swift in Sources */ = {isa = PBXBuildFile; fileRef = 6E59D62423C8B19900E8A5CE /* ViewController.swift */; };
		6E59D62A23C8B19A00E8A5CE /* Assets.xcassets in Resources */ = {isa = PBXBuildFile; fileRef = 6E59D62923C8B19A00E8A5CE /* Assets.xcassets */; };
		6E59D62D23C8B19A00E8A5CE /* LaunchScreen.storyboard in Resources */ = {isa = PBXBuildFile; fileRef = 6E59D62B23C8B19A00E8A5CE /* LaunchScreen.storyboard */; };
		6E59D63823C8B19B00E8A5CE /* WhimTests.swift in Sources */ = {isa = PBXBuildFile; fileRef = 6E59D63723C8B19B00E8A5CE /* WhimTests.swift */; };
		6E59D64323C8B19B00E8A5CE /* WhimUITests.swift in Sources */ = {isa = PBXBuildFile; fileRef = 6E59D64223C8B19B00E8A5CE /* WhimUITests.swift */; };
		6E59D65723C8B8A200E8A5CE /* Storyboards.swift in Sources */ = {isa = PBXBuildFile; fileRef = 6E59D65623C8B8A200E8A5CE /* Storyboards.swift */; };
		6E59D65923C8B8E900E8A5CE /* Localizable.strings in Resources */ = {isa = PBXBuildFile; fileRef = 6E59D65823C8B8E900E8A5CE /* Localizable.strings */; };
		6E59D65A23C8B93200E8A5CE /* Main.storyboard in Resources */ = {isa = PBXBuildFile; fileRef = 6E59D62623C8B19900E8A5CE /* Main.storyboard */; };
		6E59D65D23C8BBC200E8A5CE /* BaseCoordinator.swift in Sources */ = {isa = PBXBuildFile; fileRef = 6E59D65C23C8BBC200E8A5CE /* BaseCoordinator.swift */; };
		6E59D66023C8BBF000E8A5CE /* CoordinatorDelegate.swift in Sources */ = {isa = PBXBuildFile; fileRef = 6E59D65F23C8BBF000E8A5CE /* CoordinatorDelegate.swift */; };
		6E59D66323C8BC3400E8A5CE /* LocationHandlerOption.swift in Sources */ = {isa = PBXBuildFile; fileRef = 6E59D66223C8BC3400E8A5CE /* LocationHandlerOption.swift */; };
		6E59D66523C8BD1A00E8A5CE /* ReachabilityHandlerOption.swift in Sources */ = {isa = PBXBuildFile; fileRef = 6E59D66423C8BD1A00E8A5CE /* ReachabilityHandlerOption.swift */; };
		6E59D66A23C8BD6B00E8A5CE /* CoordinatorFactoryProtocol.swift in Sources */ = {isa = PBXBuildFile; fileRef = 6E59D66923C8BD6B00E8A5CE /* CoordinatorFactoryProtocol.swift */; };
		6E59D66E23C8BDBA00E8A5CE /* LocationServiceDelegate.swift in Sources */ = {isa = PBXBuildFile; fileRef = 6E59D66D23C8BDBA00E8A5CE /* LocationServiceDelegate.swift */; };
		6E59D67023C8BDEB00E8A5CE /* LocationHandlerFactoryProtocol.swift in Sources */ = {isa = PBXBuildFile; fileRef = 6E59D66F23C8BDEB00E8A5CE /* LocationHandlerFactoryProtocol.swift */; };
		6E59D67223C8BE3E00E8A5CE /* ReachabilityHandlerFactoryProtocol.swift in Sources */ = {isa = PBXBuildFile; fileRef = 6E59D67123C8BE3E00E8A5CE /* ReachabilityHandlerFactoryProtocol.swift */; };
		6E59D67523C8BEC600E8A5CE /* LoadingModuleFactoryProtocol.swift in Sources */ = {isa = PBXBuildFile; fileRef = 6E59D67423C8BEC600E8A5CE /* LoadingModuleFactoryProtocol.swift */; };
		6E59D67723C8BEEA00E8A5CE /* StartModuleFactoryProtocol.swift in Sources */ = {isa = PBXBuildFile; fileRef = 6E59D67623C8BEEA00E8A5CE /* StartModuleFactoryProtocol.swift */; };
		6E59D67923C8BF1200E8A5CE /* CoordinatorFactory.swift in Sources */ = {isa = PBXBuildFile; fileRef = 6E59D67823C8BF1200E8A5CE /* CoordinatorFactory.swift */; };
		6E59D67B23C8BF2400E8A5CE /* HandlerFactory.swift in Sources */ = {isa = PBXBuildFile; fileRef = 6E59D67A23C8BF2400E8A5CE /* HandlerFactory.swift */; };
		6E59D67D23C8BF2D00E8A5CE /* ModuleFactory.swift in Sources */ = {isa = PBXBuildFile; fileRef = 6E59D67C23C8BF2D00E8A5CE /* ModuleFactory.swift */; };
		6E59D68123C8BF9700E8A5CE /* RouterProtocol.swift in Sources */ = {isa = PBXBuildFile; fileRef = 6E59D68023C8BF9700E8A5CE /* RouterProtocol.swift */; };
		6E59D68423C8BFE200E8A5CE /* BaseViewProtocol.swift in Sources */ = {isa = PBXBuildFile; fileRef = 6E59D68323C8BFE200E8A5CE /* BaseViewProtocol.swift */; };
		6E59D68623C8BFF400E8A5CE /* HandlerProtocol.swift in Sources */ = {isa = PBXBuildFile; fileRef = 6E59D68523C8BFF400E8A5CE /* HandlerProtocol.swift */; };
		6E59D68823C8C00800E8A5CE /* PresentableProtocol.swift in Sources */ = {isa = PBXBuildFile; fileRef = 6E59D68723C8C00800E8A5CE /* PresentableProtocol.swift */; };
		6E59D68A23C8C05200E8A5CE /* Router.swift in Sources */ = {isa = PBXBuildFile; fileRef = 6E59D68923C8C05200E8A5CE /* Router.swift */; };
		6E59D69023C8CD4700E8A5CE /* BaseViewController.swift in Sources */ = {isa = PBXBuildFile; fileRef = 6E59D68F23C8CD4700E8A5CE /* BaseViewController.swift */; };
		6E59D69223C8D3DC00E8A5CE /* BaseNavigationController.swift in Sources */ = {isa = PBXBuildFile; fileRef = 6E59D69123C8D3DC00E8A5CE /* BaseNavigationController.swift */; };
		6E59D69423C8D49300E8A5CE /* IntermediableProtocol.swift in Sources */ = {isa = PBXBuildFile; fileRef = 6E59D69323C8D49300E8A5CE /* IntermediableProtocol.swift */; };
		6E59D69B23C8D55700E8A5CE /* LoadingCoordinatorOutput.swift in Sources */ = {isa = PBXBuildFile; fileRef = 6E59D69A23C8D55700E8A5CE /* LoadingCoordinatorOutput.swift */; };
		6E59D69D23C8D57400E8A5CE /* LoadingViewProtocol.swift in Sources */ = {isa = PBXBuildFile; fileRef = 6E59D69C23C8D57400E8A5CE /* LoadingViewProtocol.swift */; };
		6E59D69F23C8D58400E8A5CE /* LoadingCoordinator.swift in Sources */ = {isa = PBXBuildFile; fileRef = 6E59D69E23C8D58400E8A5CE /* LoadingCoordinator.swift */; };
		6E59D6A223C8D71400E8A5CE /* LoadingViewController.swift in Sources */ = {isa = PBXBuildFile; fileRef = 6E59D6A123C8D71400E8A5CE /* LoadingViewController.swift */; };
		83EADC284879C18A21C27407 /* Pods_WhimUITests.framework in Frameworks */ = {isa = PBXBuildFile; fileRef = FD5D4F75DB5D7D63C1B5AF0B /* Pods_WhimUITests.framework */; };
		A9A2687E79DE2BAFDF5FA65C /* Pods_Whim.framework in Frameworks */ = {isa = PBXBuildFile; fileRef = BFD39A5CEFA4EB34EBF6AECE /* Pods_Whim.framework */; };
		B0F5C2016935F2BC0A521334 /* Pods_WhimTests.framework in Frameworks */ = {isa = PBXBuildFile; fileRef = 81C23707D9CB0849005E4C0A /* Pods_WhimTests.framework */; };
/* End PBXBuildFile section */

/* Begin PBXContainerItemProxy section */
		6E59D63423C8B19A00E8A5CE /* PBXContainerItemProxy */ = {
			isa = PBXContainerItemProxy;
			containerPortal = 6E59D61523C8B19900E8A5CE /* Project object */;
			proxyType = 1;
			remoteGlobalIDString = 6E59D61C23C8B19900E8A5CE;
			remoteInfo = Whim;
		};
		6E59D63F23C8B19B00E8A5CE /* PBXContainerItemProxy */ = {
			isa = PBXContainerItemProxy;
			containerPortal = 6E59D61523C8B19900E8A5CE /* Project object */;
			proxyType = 1;
			remoteGlobalIDString = 6E59D61C23C8B19900E8A5CE;
			remoteInfo = Whim;
		};
/* End PBXContainerItemProxy section */

/* Begin PBXFileReference section */
		42D95C6C1539DF4833F8F28F /* Pods-Whim.release.xcconfig */ = {isa = PBXFileReference; includeInIndex = 1; lastKnownFileType = text.xcconfig; name = "Pods-Whim.release.xcconfig"; path = "Pods/Target Support Files/Pods-Whim/Pods-Whim.release.xcconfig"; sourceTree = "<group>"; };
		436391AA9399100F9BBDD41F /* Pods-WhimUITests.debug.xcconfig */ = {isa = PBXFileReference; includeInIndex = 1; lastKnownFileType = text.xcconfig; name = "Pods-WhimUITests.debug.xcconfig"; path = "Pods/Target Support Files/Pods-WhimUITests/Pods-WhimUITests.debug.xcconfig"; sourceTree = "<group>"; };
		6E59D61D23C8B19900E8A5CE /* Whim.app */ = {isa = PBXFileReference; explicitFileType = wrapper.application; includeInIndex = 0; path = Whim.app; sourceTree = BUILT_PRODUCTS_DIR; };
		6E59D62023C8B19900E8A5CE /* AppDelegate.swift */ = {isa = PBXFileReference; lastKnownFileType = sourcecode.swift; path = AppDelegate.swift; sourceTree = "<group>"; };
		6E59D62223C8B19900E8A5CE /* SceneDelegate.swift */ = {isa = PBXFileReference; lastKnownFileType = sourcecode.swift; path = SceneDelegate.swift; sourceTree = "<group>"; };
		6E59D62423C8B19900E8A5CE /* ViewController.swift */ = {isa = PBXFileReference; lastKnownFileType = sourcecode.swift; path = ViewController.swift; sourceTree = "<group>"; };
		6E59D62723C8B19900E8A5CE /* Base */ = {isa = PBXFileReference; lastKnownFileType = file.storyboard; name = Base; path = Base.lproj/Main.storyboard; sourceTree = "<group>"; };
		6E59D62923C8B19A00E8A5CE /* Assets.xcassets */ = {isa = PBXFileReference; lastKnownFileType = folder.assetcatalog; path = Assets.xcassets; sourceTree = "<group>"; };
		6E59D62C23C8B19A00E8A5CE /* Base */ = {isa = PBXFileReference; lastKnownFileType = file.storyboard; name = Base; path = Base.lproj/LaunchScreen.storyboard; sourceTree = "<group>"; };
		6E59D62E23C8B19A00E8A5CE /* Info.plist */ = {isa = PBXFileReference; lastKnownFileType = text.plist.xml; path = Info.plist; sourceTree = "<group>"; };
		6E59D63323C8B19A00E8A5CE /* WhimTests.xctest */ = {isa = PBXFileReference; explicitFileType = wrapper.cfbundle; includeInIndex = 0; path = WhimTests.xctest; sourceTree = BUILT_PRODUCTS_DIR; };
		6E59D63723C8B19B00E8A5CE /* WhimTests.swift */ = {isa = PBXFileReference; lastKnownFileType = sourcecode.swift; path = WhimTests.swift; sourceTree = "<group>"; };
		6E59D63923C8B19B00E8A5CE /* Info.plist */ = {isa = PBXFileReference; lastKnownFileType = text.plist.xml; path = Info.plist; sourceTree = "<group>"; };
		6E59D63E23C8B19B00E8A5CE /* WhimUITests.xctest */ = {isa = PBXFileReference; explicitFileType = wrapper.cfbundle; includeInIndex = 0; path = WhimUITests.xctest; sourceTree = BUILT_PRODUCTS_DIR; };
		6E59D64223C8B19B00E8A5CE /* WhimUITests.swift */ = {isa = PBXFileReference; lastKnownFileType = sourcecode.swift; path = WhimUITests.swift; sourceTree = "<group>"; };
		6E59D64423C8B19B00E8A5CE /* Info.plist */ = {isa = PBXFileReference; lastKnownFileType = text.plist.xml; path = Info.plist; sourceTree = "<group>"; };
		6E59D65623C8B8A200E8A5CE /* Storyboards.swift */ = {isa = PBXFileReference; lastKnownFileType = sourcecode.swift; path = Storyboards.swift; sourceTree = "<group>"; };
		6E59D65823C8B8E900E8A5CE /* Localizable.strings */ = {isa = PBXFileReference; lastKnownFileType = text.plist.strings; path = Localizable.strings; sourceTree = "<group>"; };
		6E59D65C23C8BBC200E8A5CE /* BaseCoordinator.swift */ = {isa = PBXFileReference; lastKnownFileType = sourcecode.swift; path = BaseCoordinator.swift; sourceTree = "<group>"; };
		6E59D65F23C8BBF000E8A5CE /* CoordinatorDelegate.swift */ = {isa = PBXFileReference; lastKnownFileType = sourcecode.swift; path = CoordinatorDelegate.swift; sourceTree = "<group>"; };
		6E59D66223C8BC3400E8A5CE /* LocationHandlerOption.swift */ = {isa = PBXFileReference; lastKnownFileType = sourcecode.swift; path = LocationHandlerOption.swift; sourceTree = "<group>"; };
		6E59D66423C8BD1A00E8A5CE /* ReachabilityHandlerOption.swift */ = {isa = PBXFileReference; lastKnownFileType = sourcecode.swift; path = ReachabilityHandlerOption.swift; sourceTree = "<group>"; };
		6E59D66923C8BD6B00E8A5CE /* CoordinatorFactoryProtocol.swift */ = {isa = PBXFileReference; lastKnownFileType = sourcecode.swift; path = CoordinatorFactoryProtocol.swift; sourceTree = "<group>"; };
		6E59D66D23C8BDBA00E8A5CE /* LocationServiceDelegate.swift */ = {isa = PBXFileReference; lastKnownFileType = sourcecode.swift; path = LocationServiceDelegate.swift; sourceTree = "<group>"; };
		6E59D66F23C8BDEB00E8A5CE /* LocationHandlerFactoryProtocol.swift */ = {isa = PBXFileReference; lastKnownFileType = sourcecode.swift; path = LocationHandlerFactoryProtocol.swift; sourceTree = "<group>"; };
		6E59D67123C8BE3E00E8A5CE /* ReachabilityHandlerFactoryProtocol.swift */ = {isa = PBXFileReference; lastKnownFileType = sourcecode.swift; path = ReachabilityHandlerFactoryProtocol.swift; sourceTree = "<group>"; };
		6E59D67423C8BEC600E8A5CE /* LoadingModuleFactoryProtocol.swift */ = {isa = PBXFileReference; lastKnownFileType = sourcecode.swift; path = LoadingModuleFactoryProtocol.swift; sourceTree = "<group>"; };
		6E59D67623C8BEEA00E8A5CE /* StartModuleFactoryProtocol.swift */ = {isa = PBXFileReference; lastKnownFileType = sourcecode.swift; path = StartModuleFactoryProtocol.swift; sourceTree = "<group>"; };
		6E59D67823C8BF1200E8A5CE /* CoordinatorFactory.swift */ = {isa = PBXFileReference; lastKnownFileType = sourcecode.swift; path = CoordinatorFactory.swift; sourceTree = "<group>"; };
		6E59D67A23C8BF2400E8A5CE /* HandlerFactory.swift */ = {isa = PBXFileReference; lastKnownFileType = sourcecode.swift; path = HandlerFactory.swift; sourceTree = "<group>"; };
		6E59D67C23C8BF2D00E8A5CE /* ModuleFactory.swift */ = {isa = PBXFileReference; lastKnownFileType = sourcecode.swift; path = ModuleFactory.swift; sourceTree = "<group>"; };
		6E59D68023C8BF9700E8A5CE /* RouterProtocol.swift */ = {isa = PBXFileReference; lastKnownFileType = sourcecode.swift; path = RouterProtocol.swift; sourceTree = "<group>"; };
		6E59D68323C8BFE200E8A5CE /* BaseViewProtocol.swift */ = {isa = PBXFileReference; lastKnownFileType = sourcecode.swift; path = BaseViewProtocol.swift; sourceTree = "<group>"; };
		6E59D68523C8BFF400E8A5CE /* HandlerProtocol.swift */ = {isa = PBXFileReference; lastKnownFileType = sourcecode.swift; path = HandlerProtocol.swift; sourceTree = "<group>"; };
		6E59D68723C8C00800E8A5CE /* PresentableProtocol.swift */ = {isa = PBXFileReference; lastKnownFileType = sourcecode.swift; path = PresentableProtocol.swift; sourceTree = "<group>"; };
		6E59D68923C8C05200E8A5CE /* Router.swift */ = {isa = PBXFileReference; lastKnownFileType = sourcecode.swift; path = Router.swift; sourceTree = "<group>"; };
		6E59D68F23C8CD4700E8A5CE /* BaseViewController.swift */ = {isa = PBXFileReference; lastKnownFileType = sourcecode.swift; path = BaseViewController.swift; sourceTree = "<group>"; };
		6E59D69123C8D3DC00E8A5CE /* BaseNavigationController.swift */ = {isa = PBXFileReference; lastKnownFileType = sourcecode.swift; path = BaseNavigationController.swift; sourceTree = "<group>"; };
		6E59D69323C8D49300E8A5CE /* IntermediableProtocol.swift */ = {isa = PBXFileReference; lastKnownFileType = sourcecode.swift; path = IntermediableProtocol.swift; sourceTree = "<group>"; };
		6E59D69A23C8D55700E8A5CE /* LoadingCoordinatorOutput.swift */ = {isa = PBXFileReference; lastKnownFileType = sourcecode.swift; path = LoadingCoordinatorOutput.swift; sourceTree = "<group>"; };
		6E59D69C23C8D57400E8A5CE /* LoadingViewProtocol.swift */ = {isa = PBXFileReference; lastKnownFileType = sourcecode.swift; path = LoadingViewProtocol.swift; sourceTree = "<group>"; };
		6E59D69E23C8D58400E8A5CE /* LoadingCoordinator.swift */ = {isa = PBXFileReference; lastKnownFileType = sourcecode.swift; path = LoadingCoordinator.swift; sourceTree = "<group>"; };
		6E59D6A123C8D71400E8A5CE /* LoadingViewController.swift */ = {isa = PBXFileReference; lastKnownFileType = sourcecode.swift; path = LoadingViewController.swift; sourceTree = "<group>"; };
		81C23707D9CB0849005E4C0A /* Pods_WhimTests.framework */ = {isa = PBXFileReference; explicitFileType = wrapper.framework; includeInIndex = 0; path = Pods_WhimTests.framework; sourceTree = BUILT_PRODUCTS_DIR; };
		BFD39A5CEFA4EB34EBF6AECE /* Pods_Whim.framework */ = {isa = PBXFileReference; explicitFileType = wrapper.framework; includeInIndex = 0; path = Pods_Whim.framework; sourceTree = BUILT_PRODUCTS_DIR; };
		C33E037C34309FED72871000 /* Pods-WhimTests.release.xcconfig */ = {isa = PBXFileReference; includeInIndex = 1; lastKnownFileType = text.xcconfig; name = "Pods-WhimTests.release.xcconfig"; path = "Pods/Target Support Files/Pods-WhimTests/Pods-WhimTests.release.xcconfig"; sourceTree = "<group>"; };
		CB57FCFCAB31F46F3A633F86 /* Pods-WhimTests.debug.xcconfig */ = {isa = PBXFileReference; includeInIndex = 1; lastKnownFileType = text.xcconfig; name = "Pods-WhimTests.debug.xcconfig"; path = "Pods/Target Support Files/Pods-WhimTests/Pods-WhimTests.debug.xcconfig"; sourceTree = "<group>"; };
		D446697415DCE6E81EAB91E2 /* Pods-WhimUITests.release.xcconfig */ = {isa = PBXFileReference; includeInIndex = 1; lastKnownFileType = text.xcconfig; name = "Pods-WhimUITests.release.xcconfig"; path = "Pods/Target Support Files/Pods-WhimUITests/Pods-WhimUITests.release.xcconfig"; sourceTree = "<group>"; };
		DD1398209EA9648FB08034C6 /* Pods-Whim.debug.xcconfig */ = {isa = PBXFileReference; includeInIndex = 1; lastKnownFileType = text.xcconfig; name = "Pods-Whim.debug.xcconfig"; path = "Pods/Target Support Files/Pods-Whim/Pods-Whim.debug.xcconfig"; sourceTree = "<group>"; };
		FD5D4F75DB5D7D63C1B5AF0B /* Pods_WhimUITests.framework */ = {isa = PBXFileReference; explicitFileType = wrapper.framework; includeInIndex = 0; path = Pods_WhimUITests.framework; sourceTree = BUILT_PRODUCTS_DIR; };
/* End PBXFileReference section */

/* Begin PBXFrameworksBuildPhase section */
		6E59D61A23C8B19900E8A5CE /* Frameworks */ = {
			isa = PBXFrameworksBuildPhase;
			buildActionMask = 2147483647;
			files = (
				A9A2687E79DE2BAFDF5FA65C /* Pods_Whim.framework in Frameworks */,
			);
			runOnlyForDeploymentPostprocessing = 0;
		};
		6E59D63023C8B19A00E8A5CE /* Frameworks */ = {
			isa = PBXFrameworksBuildPhase;
			buildActionMask = 2147483647;
			files = (
				B0F5C2016935F2BC0A521334 /* Pods_WhimTests.framework in Frameworks */,
			);
			runOnlyForDeploymentPostprocessing = 0;
		};
		6E59D63B23C8B19B00E8A5CE /* Frameworks */ = {
			isa = PBXFrameworksBuildPhase;
			buildActionMask = 2147483647;
			files = (
				83EADC284879C18A21C27407 /* Pods_WhimUITests.framework in Frameworks */,
			);
			runOnlyForDeploymentPostprocessing = 0;
		};
/* End PBXFrameworksBuildPhase section */

/* Begin PBXGroup section */
		6E59D61423C8B19900E8A5CE = {
			isa = PBXGroup;
			children = (
				6E59D61F23C8B19900E8A5CE /* Whim */,
				6E59D6A323C8D74800E8A5CE /* ViewModel */,
				6E59D63623C8B19B00E8A5CE /* WhimTests */,
				6E59D64123C8B19B00E8A5CE /* WhimUITests */,
				6E59D61E23C8B19900E8A5CE /* Products */,
				F15CFFF8243AAF947F0F173A /* Pods */,
				A2E46DD5ED0EB85B63D6524A /* Frameworks */,
			);
			sourceTree = "<group>";
		};
		6E59D61E23C8B19900E8A5CE /* Products */ = {
			isa = PBXGroup;
			children = (
				6E59D61D23C8B19900E8A5CE /* Whim.app */,
				6E59D63323C8B19A00E8A5CE /* WhimTests.xctest */,
				6E59D63E23C8B19B00E8A5CE /* WhimUITests.xctest */,
			);
			name = Products;
			sourceTree = "<group>";
		};
		6E59D61F23C8B19900E8A5CE /* Whim */ = {
			isa = PBXGroup;
			children = (
				6E59D65023C8B5EB00E8A5CE /* Application */,
				6E59D65123C8B5F400E8A5CE /* Coordinator */,
				6E59D65223C8B6CC00E8A5CE /* Resources */,
				6E59D65323C8B6E000E8A5CE /* Localization */,
				6E59D65423C8B81C00E8A5CE /* Storyboards */,
				6E59D68B23C8CB1E00E8A5CE /* ViewControllers */,
			);
			path = Whim;
			sourceTree = "<group>";
		};
		6E59D63623C8B19B00E8A5CE /* WhimTests */ = {
			isa = PBXGroup;
			children = (
				6E59D63723C8B19B00E8A5CE /* WhimTests.swift */,
				6E59D63923C8B19B00E8A5CE /* Info.plist */,
			);
			path = WhimTests;
			sourceTree = "<group>";
		};
		6E59D64123C8B19B00E8A5CE /* WhimUITests */ = {
			isa = PBXGroup;
			children = (
				6E59D64223C8B19B00E8A5CE /* WhimUITests.swift */,
				6E59D64423C8B19B00E8A5CE /* Info.plist */,
			);
			path = WhimUITests;
			sourceTree = "<group>";
		};
		6E59D65023C8B5EB00E8A5CE /* Application */ = {
			isa = PBXGroup;
			children = (
				6E59D62023C8B19900E8A5CE /* AppDelegate.swift */,
				6E59D62223C8B19900E8A5CE /* SceneDelegate.swift */,
				6E59D62423C8B19900E8A5CE /* ViewController.swift */,
				6E59D62E23C8B19A00E8A5CE /* Info.plist */,
			);
			path = Application;
			sourceTree = "<group>";
		};
		6E59D65123C8B5F400E8A5CE /* Coordinator */ = {
			isa = PBXGroup;
			children = (
				6E59D65B23C8BBAC00E8A5CE /* Base */,
				6E59D65E23C8BBD800E8A5CE /* Delegates */,
				6E59D66123C8BC1D00E8A5CE /* Enums */,
				6E59D66623C8BD4800E8A5CE /* Factories */,
				6E59D69523C8D50500E8A5CE /* Flows */,
				6E59D68223C8BFCC00E8A5CE /* Protocols */,
				6E59D67E23C8BF6700E8A5CE /* Router */,
			);
			path = Coordinator;
			sourceTree = "<group>";
		};
		6E59D65223C8B6CC00E8A5CE /* Resources */ = {
			isa = PBXGroup;
			children = (
				6E59D62923C8B19A00E8A5CE /* Assets.xcassets */,
			);
			path = Resources;
			sourceTree = "<group>";
		};
		6E59D65323C8B6E000E8A5CE /* Localization */ = {
			isa = PBXGroup;
			children = (
				6E59D65823C8B8E900E8A5CE /* Localizable.strings */,
			);
			path = Localization;
			sourceTree = "<group>";
		};
		6E59D65423C8B81C00E8A5CE /* Storyboards */ = {
			isa = PBXGroup;
			children = (
				6E59D65523C8B85B00E8A5CE /* Enums */,
				6E59D62623C8B19900E8A5CE /* Main.storyboard */,
				6E59D62B23C8B19A00E8A5CE /* LaunchScreen.storyboard */,
			);
			path = Storyboards;
			sourceTree = "<group>";
		};
		6E59D65523C8B85B00E8A5CE /* Enums */ = {
			isa = PBXGroup;
			children = (
				6E59D65623C8B8A200E8A5CE /* Storyboards.swift */,
			);
			path = Enums;
			sourceTree = "<group>";
		};
		6E59D65B23C8BBAC00E8A5CE /* Base */ = {
			isa = PBXGroup;
			children = (
				6E59D65C23C8BBC200E8A5CE /* BaseCoordinator.swift */,
			);
			path = Base;
			sourceTree = "<group>";
		};
		6E59D65E23C8BBD800E8A5CE /* Delegates */ = {
			isa = PBXGroup;
			children = (
				6E59D65F23C8BBF000E8A5CE /* CoordinatorDelegate.swift */,
			);
			path = Delegates;
			sourceTree = "<group>";
		};
		6E59D66123C8BC1D00E8A5CE /* Enums */ = {
			isa = PBXGroup;
			children = (
				6E59D66223C8BC3400E8A5CE /* LocationHandlerOption.swift */,
				6E59D66423C8BD1A00E8A5CE /* ReachabilityHandlerOption.swift */,
			);
			path = Enums;
			sourceTree = "<group>";
		};
		6E59D66623C8BD4800E8A5CE /* Factories */ = {
			isa = PBXGroup;
			children = (
				6E59D66723C8BD5400E8A5CE /* Protocols */,
				6E59D67823C8BF1200E8A5CE /* CoordinatorFactory.swift */,
				6E59D67A23C8BF2400E8A5CE /* HandlerFactory.swift */,
				6E59D67C23C8BF2D00E8A5CE /* ModuleFactory.swift */,
			);
			path = Factories;
			sourceTree = "<group>";
		};
		6E59D66723C8BD5400E8A5CE /* Protocols */ = {
			isa = PBXGroup;
			children = (
				6E59D66823C8BD5A00E8A5CE /* Coordinator */,
				6E59D66B23C8BD9500E8A5CE /* Handler */,
				6E59D67323C8BEB000E8A5CE /* Module */,
			);
			path = Protocols;
			sourceTree = "<group>";
		};
		6E59D66823C8BD5A00E8A5CE /* Coordinator */ = {
			isa = PBXGroup;
			children = (
				6E59D66923C8BD6B00E8A5CE /* CoordinatorFactoryProtocol.swift */,
			);
			path = Coordinator;
			sourceTree = "<group>";
		};
		6E59D66B23C8BD9500E8A5CE /* Handler */ = {
			isa = PBXGroup;
			children = (
				6E59D66C23C8BDAA00E8A5CE /* Delegates */,
				6E59D66F23C8BDEB00E8A5CE /* LocationHandlerFactoryProtocol.swift */,
				6E59D67123C8BE3E00E8A5CE /* ReachabilityHandlerFactoryProtocol.swift */,
			);
			path = Handler;
			sourceTree = "<group>";
		};
		6E59D66C23C8BDAA00E8A5CE /* Delegates */ = {
			isa = PBXGroup;
			children = (
				6E59D66D23C8BDBA00E8A5CE /* LocationServiceDelegate.swift */,
			);
			path = Delegates;
			sourceTree = "<group>";
		};
		6E59D67323C8BEB000E8A5CE /* Module */ = {
			isa = PBXGroup;
			children = (
				6E59D67423C8BEC600E8A5CE /* LoadingModuleFactoryProtocol.swift */,
				6E59D67623C8BEEA00E8A5CE /* StartModuleFactoryProtocol.swift */,
			);
			path = Module;
			sourceTree = "<group>";
		};
		6E59D67E23C8BF6700E8A5CE /* Router */ = {
			isa = PBXGroup;
			children = (
				6E59D67F23C8BF7F00E8A5CE /* Protocols */,
				6E59D68923C8C05200E8A5CE /* Router.swift */,
			);
			path = Router;
			sourceTree = "<group>";
		};
		6E59D67F23C8BF7F00E8A5CE /* Protocols */ = {
			isa = PBXGroup;
			children = (
				6E59D69323C8D49300E8A5CE /* IntermediableProtocol.swift */,
				6E59D68023C8BF9700E8A5CE /* RouterProtocol.swift */,
			);
			path = Protocols;
			sourceTree = "<group>";
		};
		6E59D68223C8BFCC00E8A5CE /* Protocols */ = {
			isa = PBXGroup;
			children = (
				6E59D68323C8BFE200E8A5CE /* BaseViewProtocol.swift */,
				6E59D68523C8BFF400E8A5CE /* HandlerProtocol.swift */,
				6E59D68723C8C00800E8A5CE /* PresentableProtocol.swift */,
			);
			path = Protocols;
			sourceTree = "<group>";
		};
		6E59D68B23C8CB1E00E8A5CE /* ViewControllers */ = {
			isa = PBXGroup;
			children = (
				6E59D6A023C8D70000E8A5CE /* Loading */,
				6E59D68C23C8CB2A00E8A5CE /* Base */,
			);
			path = ViewControllers;
			sourceTree = "<group>";
		};
		6E59D68C23C8CB2A00E8A5CE /* Base */ = {
			isa = PBXGroup;
			children = (
				6E59D68F23C8CD4700E8A5CE /* BaseViewController.swift */,
				6E59D69123C8D3DC00E8A5CE /* BaseNavigationController.swift */,
			);
			path = Base;
			sourceTree = "<group>";
		};
		6E59D69523C8D50500E8A5CE /* Flows */ = {
			isa = PBXGroup;
			children = (
				6E59D69623C8D51600E8A5CE /* ApplicationFlow */,
				6E59D69723C8D51C00E8A5CE /* LoadingFlow */,
			);
			path = Flows;
			sourceTree = "<group>";
		};
		6E59D69623C8D51600E8A5CE /* ApplicationFlow */ = {
			isa = PBXGroup;
			children = (
			);
			path = ApplicationFlow;
			sourceTree = "<group>";
		};
		6E59D69723C8D51C00E8A5CE /* LoadingFlow */ = {
			isa = PBXGroup;
			children = (
				6E59D69823C8D53B00E8A5CE /* Delegates */,
				6E59D69923C8D54200E8A5CE /* Presentables */,
				6E59D69E23C8D58400E8A5CE /* LoadingCoordinator.swift */,
			);
			path = LoadingFlow;
			sourceTree = "<group>";
		};
		6E59D69823C8D53B00E8A5CE /* Delegates */ = {
			isa = PBXGroup;
			children = (
				6E59D69A23C8D55700E8A5CE /* LoadingCoordinatorOutput.swift */,
			);
			path = Delegates;
			sourceTree = "<group>";
		};
		6E59D69923C8D54200E8A5CE /* Presentables */ = {
			isa = PBXGroup;
			children = (
				6E59D69C23C8D57400E8A5CE /* LoadingViewProtocol.swift */,
			);
			path = Presentables;
			sourceTree = "<group>";
		};
		6E59D6A023C8D70000E8A5CE /* Loading */ = {
			isa = PBXGroup;
			children = (
				6E59D6A123C8D71400E8A5CE /* LoadingViewController.swift */,
			);
			path = Loading;
			sourceTree = "<group>";
		};
		6E59D6A323C8D74800E8A5CE /* ViewModel */ = {
			isa = PBXGroup;
			children = (
			);
			path = ViewModel;
			sourceTree = "<group>";
		};
		A2E46DD5ED0EB85B63D6524A /* Frameworks */ = {
			isa = PBXGroup;
			children = (
				BFD39A5CEFA4EB34EBF6AECE /* Pods_Whim.framework */,
				81C23707D9CB0849005E4C0A /* Pods_WhimTests.framework */,
				FD5D4F75DB5D7D63C1B5AF0B /* Pods_WhimUITests.framework */,
			);
			name = Frameworks;
			sourceTree = "<group>";
		};
		F15CFFF8243AAF947F0F173A /* Pods */ = {
			isa = PBXGroup;
			children = (
				DD1398209EA9648FB08034C6 /* Pods-Whim.debug.xcconfig */,
				42D95C6C1539DF4833F8F28F /* Pods-Whim.release.xcconfig */,
				CB57FCFCAB31F46F3A633F86 /* Pods-WhimTests.debug.xcconfig */,
				C33E037C34309FED72871000 /* Pods-WhimTests.release.xcconfig */,
				436391AA9399100F9BBDD41F /* Pods-WhimUITests.debug.xcconfig */,
				D446697415DCE6E81EAB91E2 /* Pods-WhimUITests.release.xcconfig */,
			);
			name = Pods;
			sourceTree = "<group>";
		};
/* End PBXGroup section */

/* Begin PBXNativeTarget section */
		6E59D61C23C8B19900E8A5CE /* Whim */ = {
			isa = PBXNativeTarget;
			buildConfigurationList = 6E59D64723C8B19B00E8A5CE /* Build configuration list for PBXNativeTarget "Whim" */;
			buildPhases = (
				0213087E9D1F987F64EE35CD /* [CP] Check Pods Manifest.lock */,
				6E59D61923C8B19900E8A5CE /* Sources */,
				6E59D61A23C8B19900E8A5CE /* Frameworks */,
				6E59D61B23C8B19900E8A5CE /* Resources */,
				4FC925F8FC3ABB3179E00CD4 /* [CP] Embed Pods Frameworks */,
				08D9656D0EA021AB4BF4643B /* [CP] Copy Pods Resources */,
			);
			buildRules = (
			);
			dependencies = (
			);
			name = Whim;
			productName = Whim;
			productReference = 6E59D61D23C8B19900E8A5CE /* Whim.app */;
			productType = "com.apple.product-type.application";
		};
		6E59D63223C8B19A00E8A5CE /* WhimTests */ = {
			isa = PBXNativeTarget;
			buildConfigurationList = 6E59D64A23C8B19B00E8A5CE /* Build configuration list for PBXNativeTarget "WhimTests" */;
			buildPhases = (
				03E14EFA9C86F5F21D50B91A /* [CP] Check Pods Manifest.lock */,
				6E59D62F23C8B19A00E8A5CE /* Sources */,
				6E59D63023C8B19A00E8A5CE /* Frameworks */,
				6E59D63123C8B19A00E8A5CE /* Resources */,
				938A054639031BB1E7BFA519 /* [CP] Embed Pods Frameworks */,
				4BB7AABBFD0C09B2F42F6899 /* [CP] Copy Pods Resources */,
			);
			buildRules = (
			);
			dependencies = (
				6E59D63523C8B19A00E8A5CE /* PBXTargetDependency */,
			);
			name = WhimTests;
			productName = WhimTests;
			productReference = 6E59D63323C8B19A00E8A5CE /* WhimTests.xctest */;
			productType = "com.apple.product-type.bundle.unit-test";
		};
		6E59D63D23C8B19B00E8A5CE /* WhimUITests */ = {
			isa = PBXNativeTarget;
			buildConfigurationList = 6E59D64D23C8B19B00E8A5CE /* Build configuration list for PBXNativeTarget "WhimUITests" */;
			buildPhases = (
				8F6A1B017A6BE31B4FA93A93 /* [CP] Check Pods Manifest.lock */,
				6E59D63A23C8B19B00E8A5CE /* Sources */,
				6E59D63B23C8B19B00E8A5CE /* Frameworks */,
				6E59D63C23C8B19B00E8A5CE /* Resources */,
				9A136C534B54571C50444AA3 /* [CP] Embed Pods Frameworks */,
				80B24CD9B72D839AABDB4EF2 /* [CP] Copy Pods Resources */,
			);
			buildRules = (
			);
			dependencies = (
				6E59D64023C8B19B00E8A5CE /* PBXTargetDependency */,
			);
			name = WhimUITests;
			productName = WhimUITests;
			productReference = 6E59D63E23C8B19B00E8A5CE /* WhimUITests.xctest */;
			productType = "com.apple.product-type.bundle.ui-testing";
		};
/* End PBXNativeTarget section */

/* Begin PBXProject section */
		6E59D61523C8B19900E8A5CE /* Project object */ = {
			isa = PBXProject;
			attributes = {
				LastSwiftUpdateCheck = 1130;
				LastUpgradeCheck = 1130;
				ORGANIZATIONNAME = "Gica Gugui";
				TargetAttributes = {
					6E59D61C23C8B19900E8A5CE = {
						CreatedOnToolsVersion = 11.3;
					};
					6E59D63223C8B19A00E8A5CE = {
						CreatedOnToolsVersion = 11.3;
						TestTargetID = 6E59D61C23C8B19900E8A5CE;
					};
					6E59D63D23C8B19B00E8A5CE = {
						CreatedOnToolsVersion = 11.3;
						TestTargetID = 6E59D61C23C8B19900E8A5CE;
					};
				};
			};
			buildConfigurationList = 6E59D61823C8B19900E8A5CE /* Build configuration list for PBXProject "Whim" */;
			compatibilityVersion = "Xcode 9.3";
			developmentRegion = en;
			hasScannedForEncodings = 0;
			knownRegions = (
				en,
				Base,
			);
			mainGroup = 6E59D61423C8B19900E8A5CE;
			productRefGroup = 6E59D61E23C8B19900E8A5CE /* Products */;
			projectDirPath = "";
			projectRoot = "";
			targets = (
				6E59D61C23C8B19900E8A5CE /* Whim */,
				6E59D63223C8B19A00E8A5CE /* WhimTests */,
				6E59D63D23C8B19B00E8A5CE /* WhimUITests */,
			);
		};
/* End PBXProject section */

/* Begin PBXResourcesBuildPhase section */
		6E59D61B23C8B19900E8A5CE /* Resources */ = {
			isa = PBXResourcesBuildPhase;
			buildActionMask = 2147483647;
			files = (
				6E59D62D23C8B19A00E8A5CE /* LaunchScreen.storyboard in Resources */,
				6E59D65923C8B8E900E8A5CE /* Localizable.strings in Resources */,
				6E59D62A23C8B19A00E8A5CE /* Assets.xcassets in Resources */,
				6E59D65A23C8B93200E8A5CE /* Main.storyboard in Resources */,
			);
			runOnlyForDeploymentPostprocessing = 0;
		};
		6E59D63123C8B19A00E8A5CE /* Resources */ = {
			isa = PBXResourcesBuildPhase;
			buildActionMask = 2147483647;
			files = (
			);
			runOnlyForDeploymentPostprocessing = 0;
		};
		6E59D63C23C8B19B00E8A5CE /* Resources */ = {
			isa = PBXResourcesBuildPhase;
			buildActionMask = 2147483647;
			files = (
			);
			runOnlyForDeploymentPostprocessing = 0;
		};
/* End PBXResourcesBuildPhase section */

/* Begin PBXShellScriptBuildPhase section */
		0213087E9D1F987F64EE35CD /* [CP] Check Pods Manifest.lock */ = {
			isa = PBXShellScriptBuildPhase;
			buildActionMask = 2147483647;
			files = (
			);
			inputPaths = (
				"${PODS_PODFILE_DIR_PATH}/Podfile.lock",
				"${PODS_ROOT}/Manifest.lock",
			);
			name = "[CP] Check Pods Manifest.lock";
			outputPaths = (
				"$(DERIVED_FILE_DIR)/Pods-Whim-checkManifestLockResult.txt",
			);
			runOnlyForDeploymentPostprocessing = 0;
			shellPath = /bin/sh;
			shellScript = "diff \"${PODS_PODFILE_DIR_PATH}/Podfile.lock\" \"${PODS_ROOT}/Manifest.lock\" > /dev/null\nif [ $? != 0 ] ; then\n    # print error to STDERR\n    echo \"error: The sandbox is not in sync with the Podfile.lock. Run 'pod install' or update your CocoaPods installation.\" >&2\n    exit 1\nfi\n# This output is used by Xcode 'outputs' to avoid re-running this script phase.\necho \"SUCCESS\" > \"${SCRIPT_OUTPUT_FILE_0}\"\n";
			showEnvVarsInLog = 0;
		};
		03E14EFA9C86F5F21D50B91A /* [CP] Check Pods Manifest.lock */ = {
			isa = PBXShellScriptBuildPhase;
			buildActionMask = 2147483647;
			files = (
			);
			inputPaths = (
				"${PODS_PODFILE_DIR_PATH}/Podfile.lock",
				"${PODS_ROOT}/Manifest.lock",
			);
			name = "[CP] Check Pods Manifest.lock";
			outputPaths = (
				"$(DERIVED_FILE_DIR)/Pods-WhimTests-checkManifestLockResult.txt",
			);
			runOnlyForDeploymentPostprocessing = 0;
			shellPath = /bin/sh;
			shellScript = "diff \"${PODS_PODFILE_DIR_PATH}/Podfile.lock\" \"${PODS_ROOT}/Manifest.lock\" > /dev/null\nif [ $? != 0 ] ; then\n    # print error to STDERR\n    echo \"error: The sandbox is not in sync with the Podfile.lock. Run 'pod install' or update your CocoaPods installation.\" >&2\n    exit 1\nfi\n# This output is used by Xcode 'outputs' to avoid re-running this script phase.\necho \"SUCCESS\" > \"${SCRIPT_OUTPUT_FILE_0}\"\n";
			showEnvVarsInLog = 0;
		};
		08D9656D0EA021AB4BF4643B /* [CP] Copy Pods Resources */ = {
			isa = PBXShellScriptBuildPhase;
			buildActionMask = 2147483647;
			files = (
			);
			inputPaths = (
			);
			name = "[CP] Copy Pods Resources";
			outputPaths = (
			);
			runOnlyForDeploymentPostprocessing = 0;
			shellPath = /bin/sh;
			shellScript = "\"${SRCROOT}/Pods/Target Support Files/Pods-Whim/Pods-Whim-resources.sh\"\n";
			showEnvVarsInLog = 0;
		};
		4BB7AABBFD0C09B2F42F6899 /* [CP] Copy Pods Resources */ = {
			isa = PBXShellScriptBuildPhase;
			buildActionMask = 2147483647;
			files = (
			);
			inputPaths = (
			);
			name = "[CP] Copy Pods Resources";
			outputPaths = (
			);
			runOnlyForDeploymentPostprocessing = 0;
			shellPath = /bin/sh;
			shellScript = "\"${SRCROOT}/Pods/Target Support Files/Pods-WhimTests/Pods-WhimTests-resources.sh\"\n";
			showEnvVarsInLog = 0;
		};
		4FC925F8FC3ABB3179E00CD4 /* [CP] Embed Pods Frameworks */ = {
			isa = PBXShellScriptBuildPhase;
			buildActionMask = 2147483647;
			files = (
			);
			inputPaths = (
				"${SRCROOT}/Pods/Target Support Files/Pods-Whim/Pods-Whim-frameworks.sh",
				"${BUILT_PRODUCTS_DIR}/Alamofire/Alamofire.framework",
				"${BUILT_PRODUCTS_DIR}/AlamofireNetworkActivityIndicator/AlamofireNetworkActivityIndicator.framework",
				"${BUILT_PRODUCTS_DIR}/RxAtomic/RxAtomic.framework",
				"${BUILT_PRODUCTS_DIR}/RxSwift/RxSwift.framework",
				"${BUILT_PRODUCTS_DIR}/Swinject/Swinject.framework",
				"${BUILT_PRODUCTS_DIR}/SwinjectStoryboard/SwinjectStoryboard.framework",
			);
			name = "[CP] Embed Pods Frameworks";
			outputPaths = (
				"${TARGET_BUILD_DIR}/${FRAMEWORKS_FOLDER_PATH}/Alamofire.framework",
				"${TARGET_BUILD_DIR}/${FRAMEWORKS_FOLDER_PATH}/AlamofireNetworkActivityIndicator.framework",
				"${TARGET_BUILD_DIR}/${FRAMEWORKS_FOLDER_PATH}/RxAtomic.framework",
				"${TARGET_BUILD_DIR}/${FRAMEWORKS_FOLDER_PATH}/RxSwift.framework",
				"${TARGET_BUILD_DIR}/${FRAMEWORKS_FOLDER_PATH}/Swinject.framework",
				"${TARGET_BUILD_DIR}/${FRAMEWORKS_FOLDER_PATH}/SwinjectStoryboard.framework",
			);
			runOnlyForDeploymentPostprocessing = 0;
			shellPath = /bin/sh;
			shellScript = "\"${SRCROOT}/Pods/Target Support Files/Pods-Whim/Pods-Whim-frameworks.sh\"\n";
			showEnvVarsInLog = 0;
		};
		80B24CD9B72D839AABDB4EF2 /* [CP] Copy Pods Resources */ = {
			isa = PBXShellScriptBuildPhase;
			buildActionMask = 2147483647;
			files = (
			);
			inputPaths = (
			);
			name = "[CP] Copy Pods Resources";
			outputPaths = (
			);
			runOnlyForDeploymentPostprocessing = 0;
			shellPath = /bin/sh;
			shellScript = "\"${SRCROOT}/Pods/Target Support Files/Pods-WhimUITests/Pods-WhimUITests-resources.sh\"\n";
			showEnvVarsInLog = 0;
		};
		8F6A1B017A6BE31B4FA93A93 /* [CP] Check Pods Manifest.lock */ = {
			isa = PBXShellScriptBuildPhase;
			buildActionMask = 2147483647;
			files = (
			);
			inputPaths = (
				"${PODS_PODFILE_DIR_PATH}/Podfile.lock",
				"${PODS_ROOT}/Manifest.lock",
			);
			name = "[CP] Check Pods Manifest.lock";
			outputPaths = (
				"$(DERIVED_FILE_DIR)/Pods-WhimUITests-checkManifestLockResult.txt",
			);
			runOnlyForDeploymentPostprocessing = 0;
			shellPath = /bin/sh;
			shellScript = "diff \"${PODS_PODFILE_DIR_PATH}/Podfile.lock\" \"${PODS_ROOT}/Manifest.lock\" > /dev/null\nif [ $? != 0 ] ; then\n    # print error to STDERR\n    echo \"error: The sandbox is not in sync with the Podfile.lock. Run 'pod install' or update your CocoaPods installation.\" >&2\n    exit 1\nfi\n# This output is used by Xcode 'outputs' to avoid re-running this script phase.\necho \"SUCCESS\" > \"${SCRIPT_OUTPUT_FILE_0}\"\n";
			showEnvVarsInLog = 0;
		};
		938A054639031BB1E7BFA519 /* [CP] Embed Pods Frameworks */ = {
			isa = PBXShellScriptBuildPhase;
			buildActionMask = 2147483647;
			files = (
			);
			inputPaths = (
			);
			name = "[CP] Embed Pods Frameworks";
			outputPaths = (
			);
			runOnlyForDeploymentPostprocessing = 0;
			shellPath = /bin/sh;
			shellScript = "\"${SRCROOT}/Pods/Target Support Files/Pods-WhimTests/Pods-WhimTests-frameworks.sh\"\n";
			showEnvVarsInLog = 0;
		};
		9A136C534B54571C50444AA3 /* [CP] Embed Pods Frameworks */ = {
			isa = PBXShellScriptBuildPhase;
			buildActionMask = 2147483647;
			files = (
			);
			inputPaths = (
			);
			name = "[CP] Embed Pods Frameworks";
			outputPaths = (
			);
			runOnlyForDeploymentPostprocessing = 0;
			shellPath = /bin/sh;
			shellScript = "\"${SRCROOT}/Pods/Target Support Files/Pods-WhimUITests/Pods-WhimUITests-frameworks.sh\"\n";
			showEnvVarsInLog = 0;
		};
/* End PBXShellScriptBuildPhase section */

/* Begin PBXSourcesBuildPhase section */
		6E59D61923C8B19900E8A5CE /* Sources */ = {
			isa = PBXSourcesBuildPhase;
			buildActionMask = 2147483647;
			files = (
				6E59D69D23C8D57400E8A5CE /* LoadingViewProtocol.swift in Sources */,
				6E59D68A23C8C05200E8A5CE /* Router.swift in Sources */,
				6E59D68623C8BFF400E8A5CE /* HandlerProtocol.swift in Sources */,
				6E59D6A223C8D71400E8A5CE /* LoadingViewController.swift in Sources */,
				6E59D69423C8D49300E8A5CE /* IntermediableProtocol.swift in Sources */,
				6E59D68123C8BF9700E8A5CE /* RouterProtocol.swift in Sources */,
				6E59D69023C8CD4700E8A5CE /* BaseViewController.swift in Sources */,
				6E59D67023C8BDEB00E8A5CE /* LocationHandlerFactoryProtocol.swift in Sources */,
				6E59D66A23C8BD6B00E8A5CE /* CoordinatorFactoryProtocol.swift in Sources */,
				6E59D66E23C8BDBA00E8A5CE /* LocationServiceDelegate.swift in Sources */,
				6E59D65D23C8BBC200E8A5CE /* BaseCoordinator.swift in Sources */,
				6E59D69223C8D3DC00E8A5CE /* BaseNavigationController.swift in Sources */,
				6E59D68423C8BFE200E8A5CE /* BaseViewProtocol.swift in Sources */,
				6E59D67523C8BEC600E8A5CE /* LoadingModuleFactoryProtocol.swift in Sources */,
				6E59D69B23C8D55700E8A5CE /* LoadingCoordinatorOutput.swift in Sources */,
				6E59D67B23C8BF2400E8A5CE /* HandlerFactory.swift in Sources */,
				6E59D67223C8BE3E00E8A5CE /* ReachabilityHandlerFactoryProtocol.swift in Sources */,
				6E59D66323C8BC3400E8A5CE /* LocationHandlerOption.swift in Sources */,
				6E59D66523C8BD1A00E8A5CE /* ReachabilityHandlerOption.swift in Sources */,
				6E59D67723C8BEEA00E8A5CE /* StartModuleFactoryProtocol.swift in Sources */,
				6E59D67D23C8BF2D00E8A5CE /* ModuleFactory.swift in Sources */,
				6E59D67923C8BF1200E8A5CE /* CoordinatorFactory.swift in Sources */,
				6E59D65723C8B8A200E8A5CE /* Storyboards.swift in Sources */,
				6E59D62523C8B19900E8A5CE /* ViewController.swift in Sources */,
				6E59D62123C8B19900E8A5CE /* AppDelegate.swift in Sources */,
				6E59D62323C8B19900E8A5CE /* SceneDelegate.swift in Sources */,
				6E59D66023C8BBF000E8A5CE /* CoordinatorDelegate.swift in Sources */,
				6E59D68823C8C00800E8A5CE /* PresentableProtocol.swift in Sources */,
				6E59D69F23C8D58400E8A5CE /* LoadingCoordinator.swift in Sources */,
			);
			runOnlyForDeploymentPostprocessing = 0;
		};
		6E59D62F23C8B19A00E8A5CE /* Sources */ = {
			isa = PBXSourcesBuildPhase;
			buildActionMask = 2147483647;
			files = (
				6E59D63823C8B19B00E8A5CE /* WhimTests.swift in Sources */,
			);
			runOnlyForDeploymentPostprocessing = 0;
		};
		6E59D63A23C8B19B00E8A5CE /* Sources */ = {
			isa = PBXSourcesBuildPhase;
			buildActionMask = 2147483647;
			files = (
				6E59D64323C8B19B00E8A5CE /* WhimUITests.swift in Sources */,
			);
			runOnlyForDeploymentPostprocessing = 0;
		};
/* End PBXSourcesBuildPhase section */

/* Begin PBXTargetDependency section */
		6E59D63523C8B19A00E8A5CE /* PBXTargetDependency */ = {
			isa = PBXTargetDependency;
			target = 6E59D61C23C8B19900E8A5CE /* Whim */;
			targetProxy = 6E59D63423C8B19A00E8A5CE /* PBXContainerItemProxy */;
		};
		6E59D64023C8B19B00E8A5CE /* PBXTargetDependency */ = {
			isa = PBXTargetDependency;
			target = 6E59D61C23C8B19900E8A5CE /* Whim */;
			targetProxy = 6E59D63F23C8B19B00E8A5CE /* PBXContainerItemProxy */;
		};
/* End PBXTargetDependency section */

/* Begin PBXVariantGroup section */
		6E59D62623C8B19900E8A5CE /* Main.storyboard */ = {
			isa = PBXVariantGroup;
			children = (
				6E59D62723C8B19900E8A5CE /* Base */,
			);
			name = Main.storyboard;
			sourceTree = "<group>";
		};
		6E59D62B23C8B19A00E8A5CE /* LaunchScreen.storyboard */ = {
			isa = PBXVariantGroup;
			children = (
				6E59D62C23C8B19A00E8A5CE /* Base */,
			);
			name = LaunchScreen.storyboard;
			sourceTree = "<group>";
		};
/* End PBXVariantGroup section */

/* Begin XCBuildConfiguration section */
		6E59D64523C8B19B00E8A5CE /* Debug */ = {
			isa = XCBuildConfiguration;
			buildSettings = {
				ALWAYS_SEARCH_USER_PATHS = NO;
				CLANG_ANALYZER_NONNULL = YES;
				CLANG_ANALYZER_NUMBER_OBJECT_CONVERSION = YES_AGGRESSIVE;
				CLANG_CXX_LANGUAGE_STANDARD = "gnu++14";
				CLANG_CXX_LIBRARY = "libc++";
				CLANG_ENABLE_MODULES = YES;
				CLANG_ENABLE_OBJC_ARC = YES;
				CLANG_ENABLE_OBJC_WEAK = YES;
				CLANG_WARN_BLOCK_CAPTURE_AUTORELEASING = YES;
				CLANG_WARN_BOOL_CONVERSION = YES;
				CLANG_WARN_COMMA = YES;
				CLANG_WARN_CONSTANT_CONVERSION = YES;
				CLANG_WARN_DEPRECATED_OBJC_IMPLEMENTATIONS = YES;
				CLANG_WARN_DIRECT_OBJC_ISA_USAGE = YES_ERROR;
				CLANG_WARN_DOCUMENTATION_COMMENTS = YES;
				CLANG_WARN_EMPTY_BODY = YES;
				CLANG_WARN_ENUM_CONVERSION = YES;
				CLANG_WARN_INFINITE_RECURSION = YES;
				CLANG_WARN_INT_CONVERSION = YES;
				CLANG_WARN_NON_LITERAL_NULL_CONVERSION = YES;
				CLANG_WARN_OBJC_IMPLICIT_RETAIN_SELF = YES;
				CLANG_WARN_OBJC_LITERAL_CONVERSION = YES;
				CLANG_WARN_OBJC_ROOT_CLASS = YES_ERROR;
				CLANG_WARN_RANGE_LOOP_ANALYSIS = YES;
				CLANG_WARN_STRICT_PROTOTYPES = YES;
				CLANG_WARN_SUSPICIOUS_MOVE = YES;
				CLANG_WARN_UNGUARDED_AVAILABILITY = YES_AGGRESSIVE;
				CLANG_WARN_UNREACHABLE_CODE = YES;
				CLANG_WARN__DUPLICATE_METHOD_MATCH = YES;
				COPY_PHASE_STRIP = NO;
				DEBUG_INFORMATION_FORMAT = dwarf;
				ENABLE_STRICT_OBJC_MSGSEND = YES;
				ENABLE_TESTABILITY = YES;
				GCC_C_LANGUAGE_STANDARD = gnu11;
				GCC_DYNAMIC_NO_PIC = NO;
				GCC_NO_COMMON_BLOCKS = YES;
				GCC_OPTIMIZATION_LEVEL = 0;
				GCC_PREPROCESSOR_DEFINITIONS = (
					"DEBUG=1",
					"$(inherited)",
				);
				GCC_WARN_64_TO_32_BIT_CONVERSION = YES;
				GCC_WARN_ABOUT_RETURN_TYPE = YES_ERROR;
				GCC_WARN_UNDECLARED_SELECTOR = YES;
				GCC_WARN_UNINITIALIZED_AUTOS = YES_AGGRESSIVE;
				GCC_WARN_UNUSED_FUNCTION = YES;
				GCC_WARN_UNUSED_VARIABLE = YES;
				IPHONEOS_DEPLOYMENT_TARGET = 13.2;
				MTL_ENABLE_DEBUG_INFO = INCLUDE_SOURCE;
				MTL_FAST_MATH = YES;
				ONLY_ACTIVE_ARCH = YES;
				SDKROOT = iphoneos;
				SWIFT_ACTIVE_COMPILATION_CONDITIONS = DEBUG;
				SWIFT_OPTIMIZATION_LEVEL = "-Onone";
			};
			name = Debug;
		};
		6E59D64623C8B19B00E8A5CE /* Release */ = {
			isa = XCBuildConfiguration;
			buildSettings = {
				ALWAYS_SEARCH_USER_PATHS = NO;
				CLANG_ANALYZER_NONNULL = YES;
				CLANG_ANALYZER_NUMBER_OBJECT_CONVERSION = YES_AGGRESSIVE;
				CLANG_CXX_LANGUAGE_STANDARD = "gnu++14";
				CLANG_CXX_LIBRARY = "libc++";
				CLANG_ENABLE_MODULES = YES;
				CLANG_ENABLE_OBJC_ARC = YES;
				CLANG_ENABLE_OBJC_WEAK = YES;
				CLANG_WARN_BLOCK_CAPTURE_AUTORELEASING = YES;
				CLANG_WARN_BOOL_CONVERSION = YES;
				CLANG_WARN_COMMA = YES;
				CLANG_WARN_CONSTANT_CONVERSION = YES;
				CLANG_WARN_DEPRECATED_OBJC_IMPLEMENTATIONS = YES;
				CLANG_WARN_DIRECT_OBJC_ISA_USAGE = YES_ERROR;
				CLANG_WARN_DOCUMENTATION_COMMENTS = YES;
				CLANG_WARN_EMPTY_BODY = YES;
				CLANG_WARN_ENUM_CONVERSION = YES;
				CLANG_WARN_INFINITE_RECURSION = YES;
				CLANG_WARN_INT_CONVERSION = YES;
				CLANG_WARN_NON_LITERAL_NULL_CONVERSION = YES;
				CLANG_WARN_OBJC_IMPLICIT_RETAIN_SELF = YES;
				CLANG_WARN_OBJC_LITERAL_CONVERSION = YES;
				CLANG_WARN_OBJC_ROOT_CLASS = YES_ERROR;
				CLANG_WARN_RANGE_LOOP_ANALYSIS = YES;
				CLANG_WARN_STRICT_PROTOTYPES = YES;
				CLANG_WARN_SUSPICIOUS_MOVE = YES;
				CLANG_WARN_UNGUARDED_AVAILABILITY = YES_AGGRESSIVE;
				CLANG_WARN_UNREACHABLE_CODE = YES;
				CLANG_WARN__DUPLICATE_METHOD_MATCH = YES;
				COPY_PHASE_STRIP = NO;
				DEBUG_INFORMATION_FORMAT = "dwarf-with-dsym";
				ENABLE_NS_ASSERTIONS = NO;
				ENABLE_STRICT_OBJC_MSGSEND = YES;
				GCC_C_LANGUAGE_STANDARD = gnu11;
				GCC_NO_COMMON_BLOCKS = YES;
				GCC_WARN_64_TO_32_BIT_CONVERSION = YES;
				GCC_WARN_ABOUT_RETURN_TYPE = YES_ERROR;
				GCC_WARN_UNDECLARED_SELECTOR = YES;
				GCC_WARN_UNINITIALIZED_AUTOS = YES_AGGRESSIVE;
				GCC_WARN_UNUSED_FUNCTION = YES;
				GCC_WARN_UNUSED_VARIABLE = YES;
				IPHONEOS_DEPLOYMENT_TARGET = 13.2;
				MTL_ENABLE_DEBUG_INFO = NO;
				MTL_FAST_MATH = YES;
				SDKROOT = iphoneos;
				SWIFT_COMPILATION_MODE = wholemodule;
				SWIFT_OPTIMIZATION_LEVEL = "-O";
				VALIDATE_PRODUCT = YES;
			};
			name = Release;
		};
		6E59D64823C8B19B00E8A5CE /* Debug */ = {
			isa = XCBuildConfiguration;
			baseConfigurationReference = DD1398209EA9648FB08034C6 /* Pods-Whim.debug.xcconfig */;
			buildSettings = {
				ASSETCATALOG_COMPILER_APPICON_NAME = AppIcon;
				CODE_SIGN_STYLE = Automatic;
				DEVELOPMENT_TEAM = HQYYQ84UXR;
				INFOPLIST_FILE = "$(SRCROOT)/Whim/Application/Info.plist";
				LD_RUNPATH_SEARCH_PATHS = (
					"$(inherited)",
					"@executable_path/Frameworks",
				);
				PRODUCT_BUNDLE_IDENTIFIER = com.gg.Whim;
				PRODUCT_NAME = "$(TARGET_NAME)";
				SWIFT_VERSION = 5.0;
				TARGETED_DEVICE_FAMILY = "1,2";
			};
			name = Debug;
		};
		6E59D64923C8B19B00E8A5CE /* Release */ = {
			isa = XCBuildConfiguration;
			baseConfigurationReference = 42D95C6C1539DF4833F8F28F /* Pods-Whim.release.xcconfig */;
			buildSettings = {
				ASSETCATALOG_COMPILER_APPICON_NAME = AppIcon;
				CODE_SIGN_STYLE = Automatic;
				DEVELOPMENT_TEAM = HQYYQ84UXR;
				INFOPLIST_FILE = "$(SRCROOT)/Whim/Application/Info.plist";
				LD_RUNPATH_SEARCH_PATHS = (
					"$(inherited)",
					"@executable_path/Frameworks",
				);
				PRODUCT_BUNDLE_IDENTIFIER = com.gg.Whim;
				PRODUCT_NAME = "$(TARGET_NAME)";
				SWIFT_VERSION = 5.0;
				TARGETED_DEVICE_FAMILY = "1,2";
			};
			name = Release;
		};
		6E59D64B23C8B19B00E8A5CE /* Debug */ = {
			isa = XCBuildConfiguration;
			baseConfigurationReference = CB57FCFCAB31F46F3A633F86 /* Pods-WhimTests.debug.xcconfig */;
			buildSettings = {
				ALWAYS_EMBED_SWIFT_STANDARD_LIBRARIES = YES;
				BUNDLE_LOADER = "$(TEST_HOST)";
				CODE_SIGN_STYLE = Automatic;
				DEVELOPMENT_TEAM = HQYYQ84UXR;
				INFOPLIST_FILE = WhimTests/Info.plist;
				IPHONEOS_DEPLOYMENT_TARGET = 13.2;
				LD_RUNPATH_SEARCH_PATHS = (
					"$(inherited)",
					"@executable_path/Frameworks",
					"@loader_path/Frameworks",
				);
				PRODUCT_BUNDLE_IDENTIFIER = com.gg.WhimTests;
				PRODUCT_NAME = "$(TARGET_NAME)";
				SWIFT_VERSION = 5.0;
				TARGETED_DEVICE_FAMILY = "1,2";
				TEST_HOST = "$(BUILT_PRODUCTS_DIR)/Whim.app/Whim";
			};
			name = Debug;
		};
		6E59D64C23C8B19B00E8A5CE /* Release */ = {
			isa = XCBuildConfiguration;
			baseConfigurationReference = C33E037C34309FED72871000 /* Pods-WhimTests.release.xcconfig */;
			buildSettings = {
				ALWAYS_EMBED_SWIFT_STANDARD_LIBRARIES = YES;
				BUNDLE_LOADER = "$(TEST_HOST)";
				CODE_SIGN_STYLE = Automatic;
				DEVELOPMENT_TEAM = HQYYQ84UXR;
				INFOPLIST_FILE = WhimTests/Info.plist;
				IPHONEOS_DEPLOYMENT_TARGET = 13.2;
				LD_RUNPATH_SEARCH_PATHS = (
					"$(inherited)",
					"@executable_path/Frameworks",
					"@loader_path/Frameworks",
				);
				PRODUCT_BUNDLE_IDENTIFIER = com.gg.WhimTests;
				PRODUCT_NAME = "$(TARGET_NAME)";
				SWIFT_VERSION = 5.0;
				TARGETED_DEVICE_FAMILY = "1,2";
				TEST_HOST = "$(BUILT_PRODUCTS_DIR)/Whim.app/Whim";
			};
			name = Release;
		};
		6E59D64E23C8B19B00E8A5CE /* Debug */ = {
			isa = XCBuildConfiguration;
			baseConfigurationReference = 436391AA9399100F9BBDD41F /* Pods-WhimUITests.debug.xcconfig */;
			buildSettings = {
				ALWAYS_EMBED_SWIFT_STANDARD_LIBRARIES = YES;
				CODE_SIGN_STYLE = Automatic;
				DEVELOPMENT_TEAM = HQYYQ84UXR;
				INFOPLIST_FILE = WhimUITests/Info.plist;
				LD_RUNPATH_SEARCH_PATHS = (
					"$(inherited)",
					"@executable_path/Frameworks",
					"@loader_path/Frameworks",
				);
				PRODUCT_BUNDLE_IDENTIFIER = com.gg.WhimUITests;
				PRODUCT_NAME = "$(TARGET_NAME)";
				SWIFT_VERSION = 5.0;
				TARGETED_DEVICE_FAMILY = "1,2";
				TEST_TARGET_NAME = Whim;
			};
			name = Debug;
		};
		6E59D64F23C8B19B00E8A5CE /* Release */ = {
			isa = XCBuildConfiguration;
			baseConfigurationReference = D446697415DCE6E81EAB91E2 /* Pods-WhimUITests.release.xcconfig */;
			buildSettings = {
				ALWAYS_EMBED_SWIFT_STANDARD_LIBRARIES = YES;
				CODE_SIGN_STYLE = Automatic;
				DEVELOPMENT_TEAM = HQYYQ84UXR;
				INFOPLIST_FILE = WhimUITests/Info.plist;
				LD_RUNPATH_SEARCH_PATHS = (
					"$(inherited)",
					"@executable_path/Frameworks",
					"@loader_path/Frameworks",
				);
				PRODUCT_BUNDLE_IDENTIFIER = com.gg.WhimUITests;
				PRODUCT_NAME = "$(TARGET_NAME)";
				SWIFT_VERSION = 5.0;
				TARGETED_DEVICE_FAMILY = "1,2";
				TEST_TARGET_NAME = Whim;
			};
			name = Release;
		};
/* End XCBuildConfiguration section */

/* Begin XCConfigurationList section */
		6E59D61823C8B19900E8A5CE /* Build configuration list for PBXProject "Whim" */ = {
			isa = XCConfigurationList;
			buildConfigurations = (
				6E59D64523C8B19B00E8A5CE /* Debug */,
				6E59D64623C8B19B00E8A5CE /* Release */,
			);
			defaultConfigurationIsVisible = 0;
			defaultConfigurationName = Release;
		};
		6E59D64723C8B19B00E8A5CE /* Build configuration list for PBXNativeTarget "Whim" */ = {
			isa = XCConfigurationList;
			buildConfigurations = (
				6E59D64823C8B19B00E8A5CE /* Debug */,
				6E59D64923C8B19B00E8A5CE /* Release */,
			);
			defaultConfigurationIsVisible = 0;
			defaultConfigurationName = Release;
		};
		6E59D64A23C8B19B00E8A5CE /* Build configuration list for PBXNativeTarget "WhimTests" */ = {
			isa = XCConfigurationList;
			buildConfigurations = (
				6E59D64B23C8B19B00E8A5CE /* Debug */,
				6E59D64C23C8B19B00E8A5CE /* Release */,
			);
			defaultConfigurationIsVisible = 0;
			defaultConfigurationName = Release;
		};
		6E59D64D23C8B19B00E8A5CE /* Build configuration list for PBXNativeTarget "WhimUITests" */ = {
			isa = XCConfigurationList;
			buildConfigurations = (
				6E59D64E23C8B19B00E8A5CE /* Debug */,
				6E59D64F23C8B19B00E8A5CE /* Release */,
			);
			defaultConfigurationIsVisible = 0;
			defaultConfigurationName = Release;
		};
/* End XCConfigurationList section */
	};
	rootObject = 6E59D61523C8B19900E8A5CE /* Project object */;
}
